
Microsoft Visual Studio Solution File, Format Version 12.00
# Visual Studio Version 17
VisualStudioVersion = 17.11.35327.3
MinimumVisualStudioVersion = 10.0.40219.1
Project("{9A19103F-16F7-4668-BE54-9A1E7A4F7556}") = "Mindlift", "Mindlift\Mindlift.csproj", "{D76953D2-3274-4BD7-BFA2-86A6E6D567E1}"
EndProject
Global
	GlobalSection(SolutionConfigurationPlatforms) = preSolution
		Debug|Any CPU = Debug|Any CPU
		Release|Any CPU = Release|Any CPU
	EndGlobalSection
	GlobalSection(ProjectConfigurationPlatforms) = postSolution
		{D76953D2-3274-4BD7-BFA2-86A6E6D567E1}.Debug|Any CPU.ActiveCfg = Debug|Any CPU
		{D76953D2-3274-4BD7-BFA2-86A6E6D567E1}.Debug|Any CPU.Build.0 = Debug|Any CPU
		{D76953D2-3274-4BD7-BFA2-86A6E6D567E1}.Release|Any CPU.ActiveCfg = Release|Any CPU
		{D76953D2-3274-4BD7-BFA2-86A6E6D567E1}.Release|Any CPU.Build.0 = Release|Any CPU
	EndGlobalSection
	GlobalSection(SolutionProperties) = preSolution
		HideSolutionNode = FALSE
	EndGlobalSection
	GlobalSection(ExtensibilityGlobals) = postSolution
		SolutionGuid = {B5B98E1D-2ADC-4B79-A0CF-577423F2E26D}
	EndGlobalSection
EndGlobal
